
Microsoft Visual Studio Solution File, Format Version 12.00
# Visual Studio 15
VisualStudioVersion = 15.0.26403.7
MinimumVisualStudioVersion = 10.0.40219.1
Project("{9A19103F-16F7-4668-BE54-9A1E7A4F7556}") = "Slack.Webhooks", "Slack.Webhooks\Slack.Webhooks.csproj", "{14A7C2C6-4723-4B12-B380-C51649D4438D}"
EndProject
Project("{FAE04EC0-301F-11D3-BF4B-00C04F79EFBC}") = "Slack.Webhooks.Tests", "Slack.Webhooks.Tests\Slack.Webhooks.Tests.csproj", "{3C626CD3-7DDC-4758-823D-E0882CFFF3CD}"
EndProject
Global
	GlobalSection(SolutionConfigurationPlatforms) = preSolution
		Debug|Any CPU = Debug|Any CPU
		Release 3.5|Any CPU = Release 3.5|Any CPU
		Release|Any CPU = Release|Any CPU
	EndGlobalSection
	GlobalSection(ProjectConfigurationPlatforms) = postSolution
		{14A7C2C6-4723-4B12-B380-C51649D4438D}.Debug|Any CPU.ActiveCfg = Debug|Any CPU
		{14A7C2C6-4723-4B12-B380-C51649D4438D}.Debug|Any CPU.Build.0 = Debug|Any CPU
		{14A7C2C6-4723-4B12-B380-C51649D4438D}.Release 3.5|Any CPU.ActiveCfg = Release|Any CPU
		{14A7C2C6-4723-4B12-B380-C51649D4438D}.Release 3.5|Any CPU.Build.0 = Release|Any CPU
		{14A7C2C6-4723-4B12-B380-C51649D4438D}.Release|Any CPU.ActiveCfg = Release|Any CPU
		{14A7C2C6-4723-4B12-B380-C51649D4438D}.Release|Any CPU.Build.0 = Release|Any CPU
		{3C626CD3-7DDC-4758-823D-E0882CFFF3CD}.Debug|Any CPU.ActiveCfg = Debug|Any CPU
		{3C626CD3-7DDC-4758-823D-E0882CFFF3CD}.Debug|Any CPU.Build.0 = Debug|Any CPU
		{3C626CD3-7DDC-4758-823D-E0882CFFF3CD}.Release 3.5|Any CPU.ActiveCfg = Release|Any CPU
		{3C626CD3-7DDC-4758-823D-E0882CFFF3CD}.Release 3.5|Any CPU.Build.0 = Release|Any CPU
		{3C626CD3-7DDC-4758-823D-E0882CFFF3CD}.Release|Any CPU.ActiveCfg = Release|Any CPU
		{3C626CD3-7DDC-4758-823D-E0882CFFF3CD}.Release|Any CPU.Build.0 = Release|Any CPU
	EndGlobalSection
	GlobalSection(SolutionProperties) = preSolution
		HideSolutionNode = FALSE
	EndGlobalSection
EndGlobal
